PODS:
  - Alamofire (4.9.1)
  - AlamofireImage (3.6.0):
    - Alamofire (~> 4.9)
  - Disk (0.3.3)
  - Kingfisher (4.10.1)
  - Nimble (8.0.5)
  - Quick (2.2.0)
  - RxSwift (5.1.1)

DEPENDENCIES:
  - Alamofire (~> 4.4)
  - AlamofireImage (~> 3.1)
  - Disk (~> 0.3.2)
  - Kingfisher (~> 4.0)
  - Nimble
  - Quick
  - RxSwift

SPEC REPOS:
  trunk:
    - Alamofire
    - AlamofireImage
    - Disk
    - Kingfisher
    - Nimble
    - Quick
    - RxSwift

SPEC CHECKSUMS:
  Alamofire: 85e8a02c69d6020a0d734f6054870d7ecb75cf18
  AlamofireImage: be9963c6582d68b39e89191f64c82a7d7bf40fdd
  Disk: d1f55cd61f6ca20f368232d0c6e37e3c3dfcb63e
  Kingfisher: c148cd7b47ebde9989f6bc7c27dcaa79d81279a0
  Nimble: 4ab1aeb9b45553c75b9687196b0fa0713170a332
  Quick: 7fb19e13be07b5dfb3b90d4f9824c855a11af40e
  RxSwift: 81470a2074fa8780320ea5fe4102807cb7118178

PODFILE CHECKSUM: 7de5d7e8b6fb76422c4325638b11baa4f63d4ff2

COCOAPODS: 1.8.4
