// !$*UTF8*$!
{
	archiveVersion = 1;
	classes = {
	};
	objectVersion = 48;
	objects = {

/* Begin PBXBuildFile section */
		45E4013A9524BA54E615C381 /* Pods_RCSGitHUBApiTests.framework in Frameworks */ = {isa = PBXBuildFile; fileRef = D3E3297D4F89A660E0200FD5 /* Pods_RCSGitHUBApiTests.framework */; };
		4834769F1FB6FA500068BDFD /* RepoViewCell.swift in Sources */ = {isa = PBXBuildFile; fileRef = 4834769E1FB6FA500068BDFD /* RepoViewCell.swift */; };
		483476A31FB725F10068BDFD /* ShowGitHubData.swift in Sources */ = {isa = PBXBuildFile; fileRef = 483476A21FB725F10068BDFD /* ShowGitHubData.swift */; };
		483476A61FB726590068BDFD /* HelperConvert.swift in Sources */ = {isa = PBXBuildFile; fileRef = 483476A51FB726590068BDFD /* HelperConvert.swift */; };
		483476A81FB72CBB0068BDFD /* Alerts.swift in Sources */ = {isa = PBXBuildFile; fileRef = 483476A71FB72CBB0068BDFD /* Alerts.swift */; };
		483476AA1FB72E990068BDFD /* Messages.swift in Sources */ = {isa = PBXBuildFile; fileRef = 483476A91FB72E990068BDFD /* Messages.swift */; };
		483476AC1FB7300E0068BDFD /* UITableView+Extension.swift in Sources */ = {isa = PBXBuildFile; fileRef = 483476AB1FB7300D0068BDFD /* UITableView+Extension.swift */; };
		483476AF1FB730880068BDFD /* ReusableView.swift in Sources */ = {isa = PBXBuildFile; fileRef = 483476AE1FB730870068BDFD /* ReusableView.swift */; };
		483476B11FB734EB0068BDFD /* NibLoadableView.swift in Sources */ = {isa = PBXBuildFile; fileRef = 483476B01FB734EA0068BDFD /* NibLoadableView.swift */; };
		483476B31FB748A00068BDFD /* RepoViewCell.xib in Resources */ = {isa = PBXBuildFile; fileRef = 4834769C1FB6F95F0068BDFD /* RepoViewCell.xib */; };
		483476B81FB76D2F0068BDFD /* InfoViewController.swift in Sources */ = {isa = PBXBuildFile; fileRef = 483476B71FB76D2F0068BDFD /* InfoViewController.swift */; };
		483476BA1FB76DBB0068BDFD /* InfoViewModel.swift in Sources */ = {isa = PBXBuildFile; fileRef = 483476B91FB76DBB0068BDFD /* InfoViewModel.swift */; };
		483476BC1FB7D8820068BDFD /* UIImageView+Kingfisher.swift in Sources */ = {isa = PBXBuildFile; fileRef = 483476BB1FB7D8820068BDFD /* UIImageView+Kingfisher.swift */; };
		484189231FB5F83D009EC310 /* AppDelegate.swift in Sources */ = {isa = PBXBuildFile; fileRef = 484189221FB5F83D009EC310 /* AppDelegate.swift */; };
		484189251FB5F83D009EC310 /* ViewController.swift in Sources */ = {isa = PBXBuildFile; fileRef = 484189241FB5F83D009EC310 /* ViewController.swift */; };
		484189281FB5F83D009EC310 /* Main.storyboard in Resources */ = {isa = PBXBuildFile; fileRef = 484189261FB5F83D009EC310 /* Main.storyboard */; };
		4841892A1FB5F83D009EC310 /* Assets.xcassets in Resources */ = {isa = PBXBuildFile; fileRef = 484189291FB5F83D009EC310 /* Assets.xcassets */; };
		4841892D1FB5F83D009EC310 /* LaunchScreen.storyboard in Resources */ = {isa = PBXBuildFile; fileRef = 4841892B1FB5F83D009EC310 /* LaunchScreen.storyboard */; };
		484189381FB5FD7A009EC310 /* Podfile in Resources */ = {isa = PBXBuildFile; fileRef = 484189371FB5FD7A009EC310 /* Podfile */; };
		4841893E1FB606F5009EC310 /* FileInfo.swift in Sources */ = {isa = PBXBuildFile; fileRef = 4841893A1FB606F5009EC310 /* FileInfo.swift */; };
		4841893F1FB606F5009EC310 /* File.swift in Sources */ = {isa = PBXBuildFile; fileRef = 4841893B1FB606F5009EC310 /* File.swift */; };
		484189401FB606F5009EC310 /* GithubApiModel.swift in Sources */ = {isa = PBXBuildFile; fileRef = 4841893C1FB606F5009EC310 /* GithubApiModel.swift */; };
		484189411FB606F5009EC310 /* Owner.swift in Sources */ = {isa = PBXBuildFile; fileRef = 4841893D1FB606F5009EC310 /* Owner.swift */; };
		484189431FB60990009EC310 /* GitHubApi.swift in Sources */ = {isa = PBXBuildFile; fileRef = 484189421FB60990009EC310 /* GitHubApi.swift */; };
		484189441FB60C12009EC310 /* Alamofire.framework in Frameworks */ = {isa = PBXBuildFile; fileRef = 484189451FB60C12009EC310 /* Alamofire.framework */; };
		484189471FB60C48009EC310 /* GitHubApiProtocol.swift in Sources */ = {isa = PBXBuildFile; fileRef = 484189461FB60C48009EC310 /* GitHubApiProtocol.swift */; };
		484189491FB60F17009EC310 /* GitHubGetPublicRepositories.swift in Sources */ = {isa = PBXBuildFile; fileRef = 484189481FB60F17009EC310 /* GitHubGetPublicRepositories.swift */; };
		4841894D1FB611E2009EC310 /* GitHubApiService.swift in Sources */ = {isa = PBXBuildFile; fileRef = 4841894C1FB611E2009EC310 /* GitHubApiService.swift */; };
		4841894F1FB61852009EC310 /* HomeViewController.swift in Sources */ = {isa = PBXBuildFile; fileRef = 4841894E1FB61852009EC310 /* HomeViewController.swift */; };
		484189511FB618AD009EC310 /* HomeViewModel.swift in Sources */ = {isa = PBXBuildFile; fileRef = 484189501FB618AD009EC310 /* HomeViewModel.swift */; };
		484189541FB6198B009EC310 /* HomeViewModelProtocol.swift in Sources */ = {isa = PBXBuildFile; fileRef = 484189531FB6198B009EC310 /* HomeViewModelProtocol.swift */; };
		484AC92E1FBC719E0073AD1F /* GistsListTests.swift in Sources */ = {isa = PBXBuildFile; fileRef = 484AC92B1FBC719D0073AD1F /* GistsListTests.swift */; };
		484AC9301FBC71A70073AD1F /* ApiTests.swift in Sources */ = {isa = PBXBuildFile; fileRef = 484AC92F1FBC71A60073AD1F /* ApiTests.swift */; };
		484AC9351FBC7DF30073AD1F /* HelperData.swift in Sources */ = {isa = PBXBuildFile; fileRef = 484AC9341FBC7DF30073AD1F /* HelperData.swift */; };
		484AC9381FBC7FD00073AD1F /* gists.json in Resources */ = {isa = PBXBuildFile; fileRef = 484AC9371FBC7FD00073AD1F /* gists.json */; };
		484AC9391FBC83DE0073AD1F /* gists.json in Resources */ = {isa = PBXBuildFile; fileRef = 484AC9371FBC7FD00073AD1F /* gists.json */; };
		48E270F81FBB2C35003C3FD4 /* PersistRepository.swift in Sources */ = {isa = PBXBuildFile; fileRef = 48E270F71FBB2C35003C3FD4 /* PersistRepository.swift */; };
		A6A8D202D121C3C07CCEC5C9 /* Pods_RCSGitHUBApi.framework in Frameworks */ = {isa = PBXBuildFile; fileRef = 7FCD56B119BF8AC01BD8E9A4 /* Pods_RCSGitHUBApi.framework */; };
/* End PBXBuildFile section */

/* Begin PBXContainerItemProxy section */
		484AC9241FBC71850073AD1F /* PBXContainerItemProxy */ = {
			isa = PBXContainerItemProxy;
			containerPortal = 484189171FB5F83D009EC310 /* Project object */;
			proxyType = 1;
			remoteGlobalIDString = 4841891E1FB5F83D009EC310;
			remoteInfo = RCSGitHUBApi;
		};
/* End PBXContainerItemProxy section */

/* Begin PBXFileReference section */
		13301B23404977F132AE9178 /* Pods-RCSGitHUBApi.release.xcconfig */ = {isa = PBXFileReference; includeInIndex = 1; lastKnownFileType = text.xcconfig; name = "Pods-RCSGitHUBApi.release.xcconfig"; path = "Pods/Target Support Files/Pods-RCSGitHUBApi/Pods-RCSGitHUBApi.release.xcconfig"; sourceTree = "<group>"; };
		480C9BCC1FBC6DE7003D1A35 /* Quick.framework */ = {isa = PBXFileReference; explicitFileType = wrapper.framework; path = Quick.framework; sourceTree = BUILT_PRODUCTS_DIR; };
		4834769C1FB6F95F0068BDFD /* RepoViewCell.xib */ = {isa = PBXFileReference; lastKnownFileType = file.xib; path = RepoViewCell.xib; sourceTree = "<group>"; };
		4834769E1FB6FA500068BDFD /* RepoViewCell.swift */ = {isa = PBXFileReference; lastKnownFileType = sourcecode.swift; path = RepoViewCell.swift; sourceTree = "<group>"; };
		483476A21FB725F10068BDFD /* ShowGitHubData.swift */ = {isa = PBXFileReference; lastKnownFileType = sourcecode.swift; path = ShowGitHubData.swift; sourceTree = "<group>"; };
		483476A51FB726590068BDFD /* HelperConvert.swift */ = {isa = PBXFileReference; lastKnownFileType = sourcecode.swift; path = HelperConvert.swift; sourceTree = "<group>"; };
		483476A71FB72CBB0068BDFD /* Alerts.swift */ = {isa = PBXFileReference; lastKnownFileType = sourcecode.swift; path = Alerts.swift; sourceTree = "<group>"; };
		483476A91FB72E990068BDFD /* Messages.swift */ = {isa = PBXFileReference; lastKnownFileType = sourcecode.swift; path = Messages.swift; sourceTree = "<group>"; };
		483476AB1FB7300D0068BDFD /* UITableView+Extension.swift */ = {isa = PBXFileReference; fileEncoding = 4; lastKnownFileType = sourcecode.swift; path = "UITableView+Extension.swift"; sourceTree = "<group>"; };
		483476AE1FB730870068BDFD /* ReusableView.swift */ = {isa = PBXFileReference; fileEncoding = 4; lastKnownFileType = sourcecode.swift; path = ReusableView.swift; sourceTree = "<group>"; };
		483476B01FB734EA0068BDFD /* NibLoadableView.swift */ = {isa = PBXFileReference; fileEncoding = 4; lastKnownFileType = sourcecode.swift; path = NibLoadableView.swift; sourceTree = "<group>"; };
		483476B71FB76D2F0068BDFD /* InfoViewController.swift */ = {isa = PBXFileReference; lastKnownFileType = sourcecode.swift; path = InfoViewController.swift; sourceTree = "<group>"; };
		483476B91FB76DBB0068BDFD /* InfoViewModel.swift */ = {isa = PBXFileReference; lastKnownFileType = sourcecode.swift; path = InfoViewModel.swift; sourceTree = "<group>"; };
		483476BB1FB7D8820068BDFD /* UIImageView+Kingfisher.swift */ = {isa = PBXFileReference; fileEncoding = 4; lastKnownFileType = sourcecode.swift; path = "UIImageView+Kingfisher.swift"; sourceTree = "<group>"; };
		4834770A1FBA5F6A0068BDFD /* Alamofire.framework */ = {isa = PBXFileReference; explicitFileType = wrapper.framework; path = Alamofire.framework; sourceTree = BUILT_PRODUCTS_DIR; };
		4834770B1FBA5F6A0068BDFD /* AlamofireImage.framework */ = {isa = PBXFileReference; explicitFileType = wrapper.framework; path = AlamofireImage.framework; sourceTree = BUILT_PRODUCTS_DIR; };
		4834770C1FBA5F6A0068BDFD /* Kingfisher.framework */ = {isa = PBXFileReference; explicitFileType = wrapper.framework; path = Kingfisher.framework; sourceTree = BUILT_PRODUCTS_DIR; };
		4841891F1FB5F83D009EC310 /* RCSGitHUBApi.app */ = {isa = PBXFileReference; explicitFileType = wrapper.application; includeInIndex = 0; path = RCSGitHUBApi.app; sourceTree = BUILT_PRODUCTS_DIR; };
		484189221FB5F83D009EC310 /* AppDelegate.swift */ = {isa = PBXFileReference; lastKnownFileType = sourcecode.swift; path = AppDelegate.swift; sourceTree = "<group>"; };
		484189241FB5F83D009EC310 /* ViewController.swift */ = {isa = PBXFileReference; lastKnownFileType = sourcecode.swift; path = ViewController.swift; sourceTree = "<group>"; };
		484189271FB5F83D009EC310 /* Base */ = {isa = PBXFileReference; lastKnownFileType = file.storyboard; name = Base; path = Base.lproj/Main.storyboard; sourceTree = "<group>"; };
		484189291FB5F83D009EC310 /* Assets.xcassets */ = {isa = PBXFileReference; lastKnownFileType = folder.assetcatalog; path = Assets.xcassets; sourceTree = "<group>"; };
		4841892C1FB5F83D009EC310 /* Base */ = {isa = PBXFileReference; lastKnownFileType = file.storyboard; name = Base; path = Base.lproj/LaunchScreen.storyboard; sourceTree = "<group>"; };
		4841892E1FB5F83D009EC310 /* Info.plist */ = {isa = PBXFileReference; lastKnownFileType = text.plist.xml; path = Info.plist; sourceTree = "<group>"; };
		484189371FB5FD7A009EC310 /* Podfile */ = {isa = PBXFileReference; fileEncoding = 4; lastKnownFileType = text; path = Podfile; sourceTree = "<group>"; xcLanguageSpecificationIdentifier = xcode.lang.ruby; };
		4841893A1FB606F5009EC310 /* FileInfo.swift */ = {isa = PBXFileReference; fileEncoding = 4; lastKnownFileType = sourcecode.swift; path = FileInfo.swift; sourceTree = "<group>"; };
		4841893B1FB606F5009EC310 /* File.swift */ = {isa = PBXFileReference; fileEncoding = 4; lastKnownFileType = sourcecode.swift; path = File.swift; sourceTree = "<group>"; };
		4841893C1FB606F5009EC310 /* GithubApiModel.swift */ = {isa = PBXFileReference; fileEncoding = 4; lastKnownFileType = sourcecode.swift; path = GithubApiModel.swift; sourceTree = "<group>"; };
		4841893D1FB606F5009EC310 /* Owner.swift */ = {isa = PBXFileReference; fileEncoding = 4; lastKnownFileType = sourcecode.swift; path = Owner.swift; sourceTree = "<group>"; };
		484189421FB60990009EC310 /* GitHubApi.swift */ = {isa = PBXFileReference; lastKnownFileType = sourcecode.swift; path = GitHubApi.swift; sourceTree = "<group>"; };
		484189451FB60C12009EC310 /* Alamofire.framework */ = {isa = PBXFileReference; explicitFileType = wrapper.framework; path = Alamofire.framework; sourceTree = BUILT_PRODUCTS_DIR; };
		484189461FB60C48009EC310 /* GitHubApiProtocol.swift */ = {isa = PBXFileReference; lastKnownFileType = sourcecode.swift; path = GitHubApiProtocol.swift; sourceTree = "<group>"; };
		484189481FB60F17009EC310 /* GitHubGetPublicRepositories.swift */ = {isa = PBXFileReference; lastKnownFileType = sourcecode.swift; path = GitHubGetPublicRepositories.swift; sourceTree = "<group>"; };
		4841894C1FB611E2009EC310 /* GitHubApiService.swift */ = {isa = PBXFileReference; lastKnownFileType = sourcecode.swift; path = GitHubApiService.swift; sourceTree = "<group>"; };
		4841894E1FB61852009EC310 /* HomeViewController.swift */ = {isa = PBXFileReference; lastKnownFileType = sourcecode.swift; path = HomeViewController.swift; sourceTree = "<group>"; };
		484189501FB618AD009EC310 /* HomeViewModel.swift */ = {isa = PBXFileReference; lastKnownFileType = sourcecode.swift; path = HomeViewModel.swift; sourceTree = "<group>"; };
		484189531FB6198B009EC310 /* HomeViewModelProtocol.swift */ = {isa = PBXFileReference; lastKnownFileType = sourcecode.swift; path = HomeViewModelProtocol.swift; sourceTree = "<group>"; };
		484AC91F1FBC71840073AD1F /* RCSGitHUBApiTests.xctest */ = {isa = PBXFileReference; explicitFileType = wrapper.cfbundle; includeInIndex = 0; path = RCSGitHUBApiTests.xctest; sourceTree = BUILT_PRODUCTS_DIR; };
		484AC9231FBC71850073AD1F /* Info.plist */ = {isa = PBXFileReference; lastKnownFileType = text.plist.xml; path = Info.plist; sourceTree = "<group>"; };
		484AC92B1FBC719D0073AD1F /* GistsListTests.swift */ = {isa = PBXFileReference; fileEncoding = 4; lastKnownFileType = sourcecode.swift; path = GistsListTests.swift; sourceTree = "<group>"; };
		484AC92F1FBC71A60073AD1F /* ApiTests.swift */ = {isa = PBXFileReference; lastKnownFileType = sourcecode.swift; path = ApiTests.swift; sourceTree = "<group>"; };
		484AC9341FBC7DF30073AD1F /* HelperData.swift */ = {isa = PBXFileReference; lastKnownFileType = sourcecode.swift; path = HelperData.swift; sourceTree = "<group>"; };
		484AC9371FBC7FD00073AD1F /* gists.json */ = {isa = PBXFileReference; lastKnownFileType = text.json; path = gists.json; sourceTree = "<group>"; };
		48E270F71FBB2C35003C3FD4 /* PersistRepository.swift */ = {isa = PBXFileReference; lastKnownFileType = sourcecode.swift; path = PersistRepository.swift; sourceTree = "<group>"; };
		4D29BFA33D24B151963871E4 /* Pods-RCSGitHUBApi.debug.xcconfig */ = {isa = PBXFileReference; includeInIndex = 1; lastKnownFileType = text.xcconfig; name = "Pods-RCSGitHUBApi.debug.xcconfig"; path = "Pods/Target Support Files/Pods-RCSGitHUBApi/Pods-RCSGitHUBApi.debug.xcconfig"; sourceTree = "<group>"; };
		5CB67207222C3ACB1BBB1DBC /* Pods-RCSGitHUBApiTests.release.xcconfig */ = {isa = PBXFileReference; includeInIndex = 1; lastKnownFileType = text.xcconfig; name = "Pods-RCSGitHUBApiTests.release.xcconfig"; path = "Pods/Target Support Files/Pods-RCSGitHUBApiTests/Pods-RCSGitHUBApiTests.release.xcconfig"; sourceTree = "<group>"; };
		7750CCD20FD381BEA6ACF618 /* Pods-RCSGitHUBApiTests.debug.xcconfig */ = {isa = PBXFileReference; includeInIndex = 1; lastKnownFileType = text.xcconfig; name = "Pods-RCSGitHUBApiTests.debug.xcconfig"; path = "Pods/Target Support Files/Pods-RCSGitHUBApiTests/Pods-RCSGitHUBApiTests.debug.xcconfig"; sourceTree = "<group>"; };
		7FCD56B119BF8AC01BD8E9A4 /* Pods_RCSGitHUBApi.framework */ = {isa = PBXFileReference; explicitFileType = wrapper.framework; includeInIndex = 0; path = Pods_RCSGitHUBApi.framework; sourceTree = BUILT_PRODUCTS_DIR; };
		D3E3297D4F89A660E0200FD5 /* Pods_RCSGitHUBApiTests.framework */ = {isa = PBXFileReference; explicitFileType = wrapper.framework; includeInIndex = 0; path = Pods_RCSGitHUBApiTests.framework; sourceTree = BUILT_PRODUCTS_DIR; };
/* End PBXFileReference section */

/* Begin PBXFrameworksBuildPhase section */
		4841891C1FB5F83D009EC310 /* Frameworks */ = {
			isa = PBXFrameworksBuildPhase;
			buildActionMask = 2147483647;
			files = (
				484189441FB60C12009EC310 /* Alamofire.framework in Frameworks */,
				A6A8D202D121C3C07CCEC5C9 /* Pods_RCSGitHUBApi.framework in Frameworks */,
			);
			runOnlyForDeploymentPostprocessing = 0;
		};
		484AC91C1FBC71840073AD1F /* Frameworks */ = {
			isa = PBXFrameworksBuildPhase;
			buildActionMask = 2147483647;
			files = (
				45E4013A9524BA54E615C381 /* Pods_RCSGitHUBApiTests.framework in Frameworks */,
			);
			runOnlyForDeploymentPostprocessing = 0;
		};
/* End PBXFrameworksBuildPhase section */

/* Begin PBXGroup section */
		0611760002C4492A48C08CF8 /* Pods */ = {
			isa = PBXGroup;
			children = (
				4D29BFA33D24B151963871E4 /* Pods-RCSGitHUBApi.debug.xcconfig */,
				13301B23404977F132AE9178 /* Pods-RCSGitHUBApi.release.xcconfig */,
				7750CCD20FD381BEA6ACF618 /* Pods-RCSGitHUBApiTests.debug.xcconfig */,
				5CB67207222C3ACB1BBB1DBC /* Pods-RCSGitHUBApiTests.release.xcconfig */,
			);
			name = Pods;
			sourceTree = "<group>";
		};
		2727D8F67DC9913B458A5CEE /* Frameworks */ = {
			isa = PBXGroup;
			children = (
				480C9BCC1FBC6DE7003D1A35 /* Quick.framework */,
				4834770A1FBA5F6A0068BDFD /* Alamofire.framework */,
				4834770B1FBA5F6A0068BDFD /* AlamofireImage.framework */,
				4834770C1FBA5F6A0068BDFD /* Kingfisher.framework */,
				484189451FB60C12009EC310 /* Alamofire.framework */,
				7FCD56B119BF8AC01BD8E9A4 /* Pods_RCSGitHUBApi.framework */,
				D3E3297D4F89A660E0200FD5 /* Pods_RCSGitHUBApiTests.framework */,
			);
			name = Frameworks;
			sourceTree = "<group>";
		};
		4834769B1FB6F9380068BDFD /* Cells */ = {
			isa = PBXGroup;
			children = (
				4834769C1FB6F95F0068BDFD /* RepoViewCell.xib */,
				4834769E1FB6FA500068BDFD /* RepoViewCell.swift */,
			);
			path = Cells;
			sourceTree = "<group>";
		};
		483476A11FB725D00068BDFD /* Model */ = {
			isa = PBXGroup;
			children = (
				483476A21FB725F10068BDFD /* ShowGitHubData.swift */,
			);
			path = Model;
			sourceTree = "<group>";
		};
		483476A41FB7263A0068BDFD /* Common */ = {
			isa = PBXGroup;
			children = (
				483476AD1FB730760068BDFD /* Extensions */,
				483476A51FB726590068BDFD /* HelperConvert.swift */,
				483476A71FB72CBB0068BDFD /* Alerts.swift */,
				483476A91FB72E990068BDFD /* Messages.swift */,
			);
			path = Common;
			sourceTree = "<group>";
		};
		483476AD1FB730760068BDFD /* Extensions */ = {
			isa = PBXGroup;
			children = (
				483476BB1FB7D8820068BDFD /* UIImageView+Kingfisher.swift */,
				483476B01FB734EA0068BDFD /* NibLoadableView.swift */,
				483476AE1FB730870068BDFD /* ReusableView.swift */,
				483476AB1FB7300D0068BDFD /* UITableView+Extension.swift */,
			);
			path = Extensions;
			sourceTree = "<group>";
		};
		483476B41FB76CB20068BDFD /* Info */ = {
			isa = PBXGroup;
			children = (
				483476B61FB76D180068BDFD /* View */,
			);
			path = Info;
			sourceTree = "<group>";
		};
		483476B51FB76CEB0068BDFD /* View */ = {
			isa = PBXGroup;
			children = (
				4841894E1FB61852009EC310 /* HomeViewController.swift */,
				484189501FB618AD009EC310 /* HomeViewModel.swift */,
			);
			path = View;
			sourceTree = "<group>";
		};
		483476B61FB76D180068BDFD /* View */ = {
			isa = PBXGroup;
			children = (
				483476B71FB76D2F0068BDFD /* InfoViewController.swift */,
				483476B91FB76DBB0068BDFD /* InfoViewModel.swift */,
			);
			path = View;
			sourceTree = "<group>";
		};
		484189161FB5F83D009EC310 = {
			isa = PBXGroup;
			children = (
				484189371FB5FD7A009EC310 /* Podfile */,
				484189211FB5F83D009EC310 /* RCSGitHUBApi */,
				484AC9201FBC71840073AD1F /* RCSGitHUBApiTests */,
				484189201FB5F83D009EC310 /* Products */,
				2727D8F67DC9913B458A5CEE /* Frameworks */,
				0611760002C4492A48C08CF8 /* Pods */,
			);
			sourceTree = "<group>";
		};
		484189201FB5F83D009EC310 /* Products */ = {
			isa = PBXGroup;
			children = (
				4841891F1FB5F83D009EC310 /* RCSGitHUBApi.app */,
				484AC91F1FBC71840073AD1F /* RCSGitHUBApiTests.xctest */,
			);
			name = Products;
			sourceTree = "<group>";
		};
		484189211FB5F83D009EC310 /* RCSGitHUBApi */ = {
			isa = PBXGroup;
			children = (
				483476A41FB7263A0068BDFD /* Common */,
				484189351FB5F87E009EC310 /* Feature */,
				484189341FB5F86C009EC310 /* Api */,
				484189221FB5F83D009EC310 /* AppDelegate.swift */,
				484189241FB5F83D009EC310 /* ViewController.swift */,
				484189261FB5F83D009EC310 /* Main.storyboard */,
				484189291FB5F83D009EC310 /* Assets.xcassets */,
				4841892B1FB5F83D009EC310 /* LaunchScreen.storyboard */,
				4841892E1FB5F83D009EC310 /* Info.plist */,
			);
			path = RCSGitHUBApi;
			sourceTree = "<group>";
		};
		484189341FB5F86C009EC310 /* Api */ = {
			isa = PBXGroup;
			children = (
				4841894A1FB610E5009EC310 /* Services */,
				484189391FB606D9009EC310 /* Models */,
			);
			path = Api;
			sourceTree = "<group>";
		};
		484189351FB5F87E009EC310 /* Feature */ = {
			isa = PBXGroup;
			children = (
				483476B41FB76CB20068BDFD /* Info */,
				484189361FB5F887009EC310 /* Home */,
			);
			path = Feature;
			sourceTree = "<group>";
		};
		484189361FB5F887009EC310 /* Home */ = {
			isa = PBXGroup;
			children = (
				48E270F61FBB2BC8003C3FD4 /* Persist */,
				483476B51FB76CEB0068BDFD /* View */,
				483476A11FB725D00068BDFD /* Model */,
				4834769B1FB6F9380068BDFD /* Cells */,
				484189521FB61975009EC310 /* Protocols */,
			);
			path = Home;
			sourceTree = "<group>";
		};
		484189391FB606D9009EC310 /* Models */ = {
			isa = PBXGroup;
			children = (
				4841893B1FB606F5009EC310 /* File.swift */,
				4841893C1FB606F5009EC310 /* GithubApiModel.swift */,
				4841893D1FB606F5009EC310 /* Owner.swift */,
				4841893A1FB606F5009EC310 /* FileInfo.swift */,
			);
			path = Models;
			sourceTree = "<group>";
		};
		4841894A1FB610E5009EC310 /* Services */ = {
			isa = PBXGroup;
			children = (
				484189421FB60990009EC310 /* GitHubApi.swift */,
				484189461FB60C48009EC310 /* GitHubApiProtocol.swift */,
				484189481FB60F17009EC310 /* GitHubGetPublicRepositories.swift */,
				4841894C1FB611E2009EC310 /* GitHubApiService.swift */,
			);
			path = Services;
			sourceTree = "<group>";
		};
		484189521FB61975009EC310 /* Protocols */ = {
			isa = PBXGroup;
			children = (
				484189531FB6198B009EC310 /* HomeViewModelProtocol.swift */,
			);
			path = Protocols;
			sourceTree = "<group>";
		};
		484AC9201FBC71840073AD1F /* RCSGitHUBApiTests */ = {
			isa = PBXGroup;
			children = (
				484AC9361FBC7FB80073AD1F /* json */,
				484AC9331FBC7DC10073AD1F /* Helper */,
				484AC92B1FBC719D0073AD1F /* GistsListTests.swift */,
				484AC92F1FBC71A60073AD1F /* ApiTests.swift */,
				484AC9231FBC71850073AD1F /* Info.plist */,
			);
			path = RCSGitHUBApiTests;
			sourceTree = "<group>";
		};
		484AC9331FBC7DC10073AD1F /* Helper */ = {
			isa = PBXGroup;
			children = (
				484AC9341FBC7DF30073AD1F /* HelperData.swift */,
			);
			path = Helper;
			sourceTree = "<group>";
		};
		484AC9361FBC7FB80073AD1F /* json */ = {
			isa = PBXGroup;
			children = (
				484AC9371FBC7FD00073AD1F /* gists.json */,
			);
			path = json;
			sourceTree = "<group>";
		};
		48E270F61FBB2BC8003C3FD4 /* Persist */ = {
			isa = PBXGroup;
			children = (
				48E270F71FBB2C35003C3FD4 /* PersistRepository.swift */,
			);
			path = Persist;
			sourceTree = "<group>";
		};
/* End PBXGroup section */

/* Begin PBXNativeTarget section */
		4841891E1FB5F83D009EC310 /* RCSGitHUBApi */ = {
			isa = PBXNativeTarget;
			buildConfigurationList = 484189311FB5F83D009EC310 /* Build configuration list for PBXNativeTarget "RCSGitHUBApi" */;
			buildPhases = (
				F4ACD9075FD30623FDD21534 /* [CP] Check Pods Manifest.lock */,
				4841891B1FB5F83D009EC310 /* Sources */,
				4841891C1FB5F83D009EC310 /* Frameworks */,
				4841891D1FB5F83D009EC310 /* Resources */,
				A75D38D58AD4E9DB45E009ED /* [CP] Embed Pods Frameworks */,
				0E42B1C5AFBB1ABC53D5D31A /* [CP] Copy Pods Resources */,
			);
			buildRules = (
			);
			dependencies = (
			);
			name = RCSGitHUBApi;
			productName = RCSGitHUBApi;
			productReference = 4841891F1FB5F83D009EC310 /* RCSGitHUBApi.app */;
			productType = "com.apple.product-type.application";
		};
		484AC91E1FBC71840073AD1F /* RCSGitHUBApiTests */ = {
			isa = PBXNativeTarget;
			buildConfigurationList = 484AC9261FBC71850073AD1F /* Build configuration list for PBXNativeTarget "RCSGitHUBApiTests" */;
			buildPhases = (
				2C9B4E4E53EDF91EE52C32F1 /* [CP] Check Pods Manifest.lock */,
				484AC91B1FBC71840073AD1F /* Sources */,
				484AC91C1FBC71840073AD1F /* Frameworks */,
				484AC91D1FBC71840073AD1F /* Resources */,
				3B2DF7FFAD82FED520777578 /* [CP] Embed Pods Frameworks */,
				D88AB28B0B80F4D96DB0D2E9 /* [CP] Copy Pods Resources */,
			);
			buildRules = (
			);
			dependencies = (
				484AC9251FBC71850073AD1F /* PBXTargetDependency */,
			);
			name = RCSGitHUBApiTests;
			productName = RCSGitHUBApiTests;
			productReference = 484AC91F1FBC71840073AD1F /* RCSGitHUBApiTests.xctest */;
			productType = "com.apple.product-type.bundle.unit-test";
		};
/* End PBXNativeTarget section */

/* Begin PBXProject section */
		484189171FB5F83D009EC310 /* Project object */ = {
			isa = PBXProject;
			attributes = {
				LastSwiftUpdateCheck = 0910;
				LastUpgradeCheck = 0910;
				ORGANIZATIONNAME = rogeriocs;
				TargetAttributes = {
					4841891E1FB5F83D009EC310 = {
						CreatedOnToolsVersion = 9.1;
						ProvisioningStyle = Automatic;
					};
					484AC91E1FBC71840073AD1F = {
						CreatedOnToolsVersion = 9.1;
						ProvisioningStyle = Automatic;
						TestTargetID = 4841891E1FB5F83D009EC310;
					};
				};
			};
			buildConfigurationList = 4841891A1FB5F83D009EC310 /* Build configuration list for PBXProject "RCSGitHUBApi" */;
			compatibilityVersion = "Xcode 8.0";
			developmentRegion = en;
			hasScannedForEncodings = 0;
			knownRegions = (
				en,
				Base,
			);
			mainGroup = 484189161FB5F83D009EC310;
			productRefGroup = 484189201FB5F83D009EC310 /* Products */;
			projectDirPath = "";
			projectRoot = "";
			targets = (
				4841891E1FB5F83D009EC310 /* RCSGitHUBApi */,
				484AC91E1FBC71840073AD1F /* RCSGitHUBApiTests */,
			);
		};
/* End PBXProject section */

/* Begin PBXResourcesBuildPhase section */
		4841891D1FB5F83D009EC310 /* Resources */ = {
			isa = PBXResourcesBuildPhase;
			buildActionMask = 2147483647;
			files = (
				4841892D1FB5F83D009EC310 /* LaunchScreen.storyboard in Resources */,
				483476B31FB748A00068BDFD /* RepoViewCell.xib in Resources */,
				484AC9391FBC83DE0073AD1F /* gists.json in Resources */,
				4841892A1FB5F83D009EC310 /* Assets.xcassets in Resources */,
				484189381FB5FD7A009EC310 /* Podfile in Resources */,
				484189281FB5F83D009EC310 /* Main.storyboard in Resources */,
			);
			runOnlyForDeploymentPostprocessing = 0;
		};
		484AC91D1FBC71840073AD1F /* Resources */ = {
			isa = PBXResourcesBuildPhase;
			buildActionMask = 2147483647;
			files = (
				484AC9381FBC7FD00073AD1F /* gists.json in Resources */,
			);
			runOnlyForDeploymentPostprocessing = 0;
		};
/* End PBXResourcesBuildPhase section */

/* Begin PBXShellScriptBuildPhase section */
		0E42B1C5AFBB1ABC53D5D31A /* [CP] Copy Pods Resources */ = {
			isa = PBXShellScriptBuildPhase;
			buildActionMask = 2147483647;
			files = (
			);
			inputPaths = (
			);
			name = "[CP] Copy Pods Resources";
			outputPaths = (
			);
			runOnlyForDeploymentPostprocessing = 0;
			shellPath = /bin/sh;
			shellScript = "\"${SRCROOT}/Pods/Target Support Files/Pods-RCSGitHUBApi/Pods-RCSGitHUBApi-resources.sh\"\n";
			showEnvVarsInLog = 0;
		};
		2C9B4E4E53EDF91EE52C32F1 /* [CP] Check Pods Manifest.lock */ = {
			isa = PBXShellScriptBuildPhase;
			buildActionMask = 2147483647;
			files = (
			);
			inputPaths = (
			);
			name = "[CP] Check Pods Manifest.lock";
			outputPaths = (
			);
			runOnlyForDeploymentPostprocessing = 0;
			shellPath = /bin/sh;
			shellScript = "diff \"${PODS_ROOT}/../Podfile.lock\" \"${PODS_ROOT}/Manifest.lock\" > /dev/null\nif [ $? != 0 ] ; then\n    # print error to STDERR\n    echo \"error: The sandbox is not in sync with the Podfile.lock. Run 'pod install' or update your CocoaPods installation.\" >&2\n    exit 1\nfi\n";
			showEnvVarsInLog = 0;
		};
		3B2DF7FFAD82FED520777578 /* [CP] Embed Pods Frameworks */ = {
			isa = PBXShellScriptBuildPhase;
			buildActionMask = 2147483647;
			files = (
			);
			inputPaths = (
			);
			name = "[CP] Embed Pods Frameworks";
			outputPaths = (
			);
			runOnlyForDeploymentPostprocessing = 0;
			shellPath = /bin/sh;
			shellScript = "\"${SRCROOT}/Pods/Target Support Files/Pods-RCSGitHUBApiTests/Pods-RCSGitHUBApiTests-frameworks.sh\"\n";
			showEnvVarsInLog = 0;
		};
		A75D38D58AD4E9DB45E009ED /* [CP] Embed Pods Frameworks */ = {
			isa = PBXShellScriptBuildPhase;
			buildActionMask = 2147483647;
			files = (
			);
			inputPaths = (
			);
			name = "[CP] Embed Pods Frameworks";
			outputPaths = (
			);
			runOnlyForDeploymentPostprocessing = 0;
			shellPath = /bin/sh;
			shellScript = "\"${SRCROOT}/Pods/Target Support Files/Pods-RCSGitHUBApi/Pods-RCSGitHUBApi-frameworks.sh\"\n";
			showEnvVarsInLog = 0;
		};
		D88AB28B0B80F4D96DB0D2E9 /* [CP] Copy Pods Resources */ = {
			isa = PBXShellScriptBuildPhase;
			buildActionMask = 2147483647;
			files = (
			);
			inputPaths = (
			);
			name = "[CP] Copy Pods Resources";
			outputPaths = (
			);
			runOnlyForDeploymentPostprocessing = 0;
			shellPath = /bin/sh;
			shellScript = "\"${SRCROOT}/Pods/Target Support Files/Pods-RCSGitHUBApiTests/Pods-RCSGitHUBApiTests-resources.sh\"\n";
			showEnvVarsInLog = 0;
		};
		F4ACD9075FD30623FDD21534 /* [CP] Check Pods Manifest.lock */ = {
			isa = PBXShellScriptBuildPhase;
			buildActionMask = 2147483647;
			files = (
			);
			inputPaths = (
			);
			name = "[CP] Check Pods Manifest.lock";
			outputPaths = (
			);
			runOnlyForDeploymentPostprocessing = 0;
			shellPath = /bin/sh;
			shellScript = "diff \"${PODS_ROOT}/../Podfile.lock\" \"${PODS_ROOT}/Manifest.lock\" > /dev/null\nif [ $? != 0 ] ; then\n    # print error to STDERR\n    echo \"error: The sandbox is not in sync with the Podfile.lock. Run 'pod install' or update your CocoaPods installation.\" >&2\n    exit 1\nfi\n";
			showEnvVarsInLog = 0;
		};
/* End PBXShellScriptBuildPhase section */

/* Begin PBXSourcesBuildPhase section */
		4841891B1FB5F83D009EC310 /* Sources */ = {
			isa = PBXSourcesBuildPhase;
			buildActionMask = 2147483647;
			files = (
				483476BC1FB7D8820068BDFD /* UIImageView+Kingfisher.swift in Sources */,
				484189251FB5F83D009EC310 /* ViewController.swift in Sources */,
				483476AA1FB72E990068BDFD /* Messages.swift in Sources */,
				483476AC1FB7300E0068BDFD /* UITableView+Extension.swift in Sources */,
				484189471FB60C48009EC310 /* GitHubApiProtocol.swift in Sources */,
				4834769F1FB6FA500068BDFD /* RepoViewCell.swift in Sources */,
				484189411FB606F5009EC310 /* Owner.swift in Sources */,
				4841893F1FB606F5009EC310 /* File.swift in Sources */,
				483476A31FB725F10068BDFD /* ShowGitHubData.swift in Sources */,
				484189401FB606F5009EC310 /* GithubApiModel.swift in Sources */,
				483476B11FB734EB0068BDFD /* NibLoadableView.swift in Sources */,
				4841894D1FB611E2009EC310 /* GitHubApiService.swift in Sources */,
				484189541FB6198B009EC310 /* HomeViewModelProtocol.swift in Sources */,
				483476B81FB76D2F0068BDFD /* InfoViewController.swift in Sources */,
				48E270F81FBB2C35003C3FD4 /* PersistRepository.swift in Sources */,
				483476AF1FB730880068BDFD /* ReusableView.swift in Sources */,
				484189231FB5F83D009EC310 /* AppDelegate.swift in Sources */,
				483476A81FB72CBB0068BDFD /* Alerts.swift in Sources */,
				484189511FB618AD009EC310 /* HomeViewModel.swift in Sources */,
				483476BA1FB76DBB0068BDFD /* InfoViewModel.swift in Sources */,
				4841894F1FB61852009EC310 /* HomeViewController.swift in Sources */,
				484189491FB60F17009EC310 /* GitHubGetPublicRepositories.swift in Sources */,
				484189431FB60990009EC310 /* GitHubApi.swift in Sources */,
				4841893E1FB606F5009EC310 /* FileInfo.swift in Sources */,
				483476A61FB726590068BDFD /* HelperConvert.swift in Sources */,
			);
			runOnlyForDeploymentPostprocessing = 0;
		};
		484AC91B1FBC71840073AD1F /* Sources */ = {
			isa = PBXSourcesBuildPhase;
			buildActionMask = 2147483647;
			files = (
				484AC92E1FBC719E0073AD1F /* GistsListTests.swift in Sources */,
				484AC9301FBC71A70073AD1F /* ApiTests.swift in Sources */,
				484AC9351FBC7DF30073AD1F /* HelperData.swift in Sources */,
			);
			runOnlyForDeploymentPostprocessing = 0;
		};
/* End PBXSourcesBuildPhase section */

/* Begin PBXTargetDependency section */
		484AC9251FBC71850073AD1F /* PBXTargetDependency */ = {
			isa = PBXTargetDependency;
			target = 4841891E1FB5F83D009EC310 /* RCSGitHUBApi */;
			targetProxy = 484AC9241FBC71850073AD1F /* PBXContainerItemProxy */;
		};
/* End PBXTargetDependency section */

/* Begin PBXVariantGroup section */
		484189261FB5F83D009EC310 /* Main.storyboard */ = {
			isa = PBXVariantGroup;
			children = (
				484189271FB5F83D009EC310 /* Base */,
			);
			name = Main.storyboard;
			sourceTree = "<group>";
		};
		4841892B1FB5F83D009EC310 /* LaunchScreen.storyboard */ = {
			isa = PBXVariantGroup;
			children = (
				4841892C1FB5F83D009EC310 /* Base */,
			);
			name = LaunchScreen.storyboard;
			sourceTree = "<group>";
		};
/* End PBXVariantGroup section */

/* Begin XCBuildConfiguration section */
		4841892F1FB5F83D009EC310 /* Debug */ = {
			isa = XCBuildConfiguration;
			buildSettings = {
				ALWAYS_SEARCH_USER_PATHS = NO;
				CLANG_ANALYZER_NONNULL = YES;
				CLANG_ANALYZER_NUMBER_OBJECT_CONVERSION = YES_AGGRESSIVE;
				CLANG_CXX_LANGUAGE_STANDARD = "gnu++14";
				CLANG_CXX_LIBRARY = "libc++";
				CLANG_ENABLE_MODULES = YES;
				CLANG_ENABLE_OBJC_ARC = YES;
				CLANG_WARN_BLOCK_CAPTURE_AUTORELEASING = YES;
				CLANG_WARN_BOOL_CONVERSION = YES;
				CLANG_WARN_COMMA = YES;
				CLANG_WARN_CONSTANT_CONVERSION = YES;
				CLANG_WARN_DIRECT_OBJC_ISA_USAGE = YES_ERROR;
				CLANG_WARN_DOCUMENTATION_COMMENTS = YES;
				CLANG_WARN_EMPTY_BODY = YES;
				CLANG_WARN_ENUM_CONVERSION = YES;
				CLANG_WARN_INFINITE_RECURSION = YES;
				CLANG_WARN_INT_CONVERSION = YES;
				CLANG_WARN_NON_LITERAL_NULL_CONVERSION = YES;
				CLANG_WARN_OBJC_LITERAL_CONVERSION = YES;
				CLANG_WARN_OBJC_ROOT_CLASS = YES_ERROR;
				CLANG_WARN_RANGE_LOOP_ANALYSIS = YES;
				CLANG_WARN_STRICT_PROTOTYPES = YES;
				CLANG_WARN_SUSPICIOUS_MOVE = YES;
				CLANG_WARN_UNGUARDED_AVAILABILITY = YES_AGGRESSIVE;
				CLANG_WARN_UNREACHABLE_CODE = YES;
				CLANG_WARN__DUPLICATE_METHOD_MATCH = YES;
				CODE_SIGN_IDENTITY = "iPhone Developer";
				COPY_PHASE_STRIP = NO;
				DEBUG_INFORMATION_FORMAT = dwarf;
				ENABLE_STRICT_OBJC_MSGSEND = YES;
				ENABLE_TESTABILITY = YES;
				GCC_C_LANGUAGE_STANDARD = gnu11;
				GCC_DYNAMIC_NO_PIC = NO;
				GCC_NO_COMMON_BLOCKS = YES;
				GCC_OPTIMIZATION_LEVEL = 0;
				GCC_PREPROCESSOR_DEFINITIONS = (
					"DEBUG=1",
					"$(inherited)",
				);
				GCC_WARN_64_TO_32_BIT_CONVERSION = YES;
				GCC_WARN_ABOUT_RETURN_TYPE = YES_ERROR;
				GCC_WARN_UNDECLARED_SELECTOR = YES;
				GCC_WARN_UNINITIALIZED_AUTOS = YES_AGGRESSIVE;
				GCC_WARN_UNUSED_FUNCTION = YES;
				GCC_WARN_UNUSED_VARIABLE = YES;
				IPHONEOS_DEPLOYMENT_TARGET = 11.1;
				MTL_ENABLE_DEBUG_INFO = YES;
				ONLY_ACTIVE_ARCH = YES;
				SDKROOT = iphoneos;
				SWIFT_ACTIVE_COMPILATION_CONDITIONS = DEBUG;
				SWIFT_OPTIMIZATION_LEVEL = "-Onone";
			};
			name = Debug;
		};
		484189301FB5F83D009EC310 /* Release */ = {
			isa = XCBuildConfiguration;
			buildSettings = {
				ALWAYS_SEARCH_USER_PATHS = NO;
				CLANG_ANALYZER_NONNULL = YES;
				CLANG_ANALYZER_NUMBER_OBJECT_CONVERSION = YES_AGGRESSIVE;
				CLANG_CXX_LANGUAGE_STANDARD = "gnu++14";
				CLANG_CXX_LIBRARY = "libc++";
				CLANG_ENABLE_MODULES = YES;
				CLANG_ENABLE_OBJC_ARC = YES;
				CLANG_WARN_BLOCK_CAPTURE_AUTORELEASING = YES;
				CLANG_WARN_BOOL_CONVERSION = YES;
				CLANG_WARN_COMMA = YES;
				CLANG_WARN_CONSTANT_CONVERSION = YES;
				CLANG_WARN_DIRECT_OBJC_ISA_USAGE = YES_ERROR;
				CLANG_WARN_DOCUMENTATION_COMMENTS = YES;
				CLANG_WARN_EMPTY_BODY = YES;
				CLANG_WARN_ENUM_CONVERSION = YES;
				CLANG_WARN_INFINITE_RECURSION = YES;
				CLANG_WARN_INT_CONVERSION = YES;
				CLANG_WARN_NON_LITERAL_NULL_CONVERSION = YES;
				CLANG_WARN_OBJC_LITERAL_CONVERSION = YES;
				CLANG_WARN_OBJC_ROOT_CLASS = YES_ERROR;
				CLANG_WARN_RANGE_LOOP_ANALYSIS = YES;
				CLANG_WARN_STRICT_PROTOTYPES = YES;
				CLANG_WARN_SUSPICIOUS_MOVE = YES;
				CLANG_WARN_UNGUARDED_AVAILABILITY = YES_AGGRESSIVE;
				CLANG_WARN_UNREACHABLE_CODE = YES;
				CLANG_WARN__DUPLICATE_METHOD_MATCH = YES;
				CODE_SIGN_IDENTITY = "iPhone Developer";
				COPY_PHASE_STRIP = NO;
				DEBUG_INFORMATION_FORMAT = "dwarf-with-dsym";
				ENABLE_NS_ASSERTIONS = NO;
				ENABLE_STRICT_OBJC_MSGSEND = YES;
				GCC_C_LANGUAGE_STANDARD = gnu11;
				GCC_NO_COMMON_BLOCKS = YES;
				GCC_WARN_64_TO_32_BIT_CONVERSION = YES;
				GCC_WARN_ABOUT_RETURN_TYPE = YES_ERROR;
				GCC_WARN_UNDECLARED_SELECTOR = YES;
				GCC_WARN_UNINITIALIZED_AUTOS = YES_AGGRESSIVE;
				GCC_WARN_UNUSED_FUNCTION = YES;
				GCC_WARN_UNUSED_VARIABLE = YES;
				IPHONEOS_DEPLOYMENT_TARGET = 11.1;
				MTL_ENABLE_DEBUG_INFO = NO;
				SDKROOT = iphoneos;
				SWIFT_OPTIMIZATION_LEVEL = "-Owholemodule";
				VALIDATE_PRODUCT = YES;
			};
			name = Release;
		};
		484189321FB5F83D009EC310 /* Debug */ = {
			isa = XCBuildConfiguration;
			baseConfigurationReference = 4D29BFA33D24B151963871E4 /* Pods-RCSGitHUBApi.debug.xcconfig */;
			buildSettings = {
				ASSETCATALOG_COMPILER_APPICON_NAME = AppIcon;
				"CODE_SIGN_IDENTITY[sdk=iphoneos*]" = "iPhone Developer";
				CODE_SIGN_STYLE = Automatic;
				DEVELOPMENT_TEAM = 364VH8E2Q7;
				INFOPLIST_FILE = RCSGitHUBApi/Info.plist;
				IPHONEOS_DEPLOYMENT_TARGET = 9.3;
				LD_RUNPATH_SEARCH_PATHS = "$(inherited) @executable_path/Frameworks";
				PRODUCT_BUNDLE_IDENTIFIER = com.rogeriocs.RCSGitHUBApi;
				PRODUCT_NAME = "$(TARGET_NAME)";
				PROVISIONING_PROFILE_SPECIFIER = "";
				SWIFT_VERSION = 4.0;
				TARGETED_DEVICE_FAMILY = "1,2";
			};
			name = Debug;
		};
		484189331FB5F83D009EC310 /* Release */ = {
			isa = XCBuildConfiguration;
			baseConfigurationReference = 13301B23404977F132AE9178 /* Pods-RCSGitHUBApi.release.xcconfig */;
			buildSettings = {
				ASSETCATALOG_COMPILER_APPICON_NAME = AppIcon;
				"CODE_SIGN_IDENTITY[sdk=iphoneos*]" = "iPhone Developer";
				CODE_SIGN_STYLE = Automatic;
				DEVELOPMENT_TEAM = 364VH8E2Q7;
				INFOPLIST_FILE = RCSGitHUBApi/Info.plist;
				IPHONEOS_DEPLOYMENT_TARGET = 9.3;
				LD_RUNPATH_SEARCH_PATHS = "$(inherited) @executable_path/Frameworks";
				PRODUCT_BUNDLE_IDENTIFIER = com.rogeriocs.RCSGitHUBApi;
				PRODUCT_NAME = "$(TARGET_NAME)";
				PROVISIONING_PROFILE_SPECIFIER = "";
				SWIFT_VERSION = 4.0;
				TARGETED_DEVICE_FAMILY = "1,2";
			};
			name = Release;
		};
		484AC9271FBC71850073AD1F /* Debug */ = {
			isa = XCBuildConfiguration;
			baseConfigurationReference = 7750CCD20FD381BEA6ACF618 /* Pods-RCSGitHUBApiTests.debug.xcconfig */;
			buildSettings = {
				BUNDLE_LOADER = "$(TEST_HOST)";
				CODE_SIGN_STYLE = Automatic;
				INFOPLIST_FILE = RCSGitHUBApiTests/Info.plist;
				LD_RUNPATH_SEARCH_PATHS = "$(inherited) @executable_path/Frameworks @loader_path/Frameworks";
				PRODUCT_BUNDLE_IDENTIFIER = rogerio.RCSGitHUBApiTests;
				PRODUCT_NAME = "$(TARGET_NAME)";
				SWIFT_VERSION = 4.0;
				TARGETED_DEVICE_FAMILY = "1,2";
				TEST_HOST = "$(BUILT_PRODUCTS_DIR)/RCSGitHUBApi.app/RCSGitHUBApi";
			};
			name = Debug;
		};
		484AC9281FBC71850073AD1F /* Release */ = {
			isa = XCBuildConfiguration;
			baseConfigurationReference = 5CB67207222C3ACB1BBB1DBC /* Pods-RCSGitHUBApiTests.release.xcconfig */;
			buildSettings = {
				BUNDLE_LOADER = "$(TEST_HOST)";
				CODE_SIGN_STYLE = Automatic;
				INFOPLIST_FILE = RCSGitHUBApiTests/Info.plist;
				LD_RUNPATH_SEARCH_PATHS = "$(inherited) @executable_path/Frameworks @loader_path/Frameworks";
				PRODUCT_BUNDLE_IDENTIFIER = rogerio.RCSGitHUBApiTests;
				PRODUCT_NAME = "$(TARGET_NAME)";
				SWIFT_VERSION = 4.0;
				TARGETED_DEVICE_FAMILY = "1,2";
				TEST_HOST = "$(BUILT_PRODUCTS_DIR)/RCSGitHUBApi.app/RCSGitHUBApi";
			};
			name = Release;
		};
/* End XCBuildConfiguration section */

/* Begin XCConfigurationList section */
		4841891A1FB5F83D009EC310 /* Build configuration list for PBXProject "RCSGitHUBApi" */ = {
			isa = XCConfigurationList;
			buildConfigurations = (
				4841892F1FB5F83D009EC310 /* Debug */,
				484189301FB5F83D009EC310 /* Release */,
			);
			defaultConfigurationIsVisible = 0;
			defaultConfigurationName = Release;
		};
		484189311FB5F83D009EC310 /* Build configuration list for PBXNativeTarget "RCSGitHUBApi" */ = {
			isa = XCConfigurationList;
			buildConfigurations = (
				484189321FB5F83D009EC310 /* Debug */,
				484189331FB5F83D009EC310 /* Release */,
			);
			defaultConfigurationIsVisible = 0;
			defaultConfigurationName = Release;
		};
		484AC9261FBC71850073AD1F /* Build configuration list for PBXNativeTarget "RCSGitHUBApiTests" */ = {
			isa = XCConfigurationList;
			buildConfigurations = (
				484AC9271FBC71850073AD1F /* Debug */,
				484AC9281FBC71850073AD1F /* Release */,
			);
			defaultConfigurationIsVisible = 0;
			defaultConfigurationName = Release;
		};
/* End XCConfigurationList section */
	};
	rootObject = 484189171FB5F83D009EC310 /* Project object */;
}
